
Microsoft Visual Studio Solution File, Format Version 12.00
# Visual Studio Version 16
VisualStudioVersion = 16.0.28803.352
MinimumVisualStudioVersion = 10.0.40219.1
Project("{9A19103F-16F7-4668-BE54-9A1E7A4F7556}") = "MovieTime", "MovieTime\MovieTime.csproj", "{3AA55CDF-9B59-4AF8-9C0C-B9112B18E811}"
EndProject
Project("{00D1A9C2-B5F0-4AF3-8072-F6C62B433612}") = "MovieTimeDB", "MovieTimeDB\MovieTimeDB.sqlproj", "{55AD1525-6C9F-4B3D-A48C-3271E42688A5}"
EndProject
Project("{9A19103F-16F7-4668-BE54-9A1E7A4F7556}") = "MovieTime.DAL", "MovieTime.DAL\MovieTime.DAL.csproj", "{9E62B820-3BF5-4A82-8A94-D9F0CAC9ADB5}"
EndProject
Project("{9A19103F-16F7-4668-BE54-9A1E7A4F7556}") = "MovieTime.Common", "MovieTime.Common\MovieTime.Common.csproj", "{5F7903A6-C9F0-4749-BDC9-DD995201BE3B}"
EndProject
Global
	GlobalSection(SolutionConfigurationPlatforms) = preSolution
		Debug|Any CPU = Debug|Any CPU
		Release|Any CPU = Release|Any CPU
	EndGlobalSection
	GlobalSection(ProjectConfigurationPlatforms) = postSolution
		{3AA55CDF-9B59-4AF8-9C0C-B9112B18E811}.Debug|Any CPU.ActiveCfg = Debug|Any CPU
		{3AA55CDF-9B59-4AF8-9C0C-B9112B18E811}.Debug|Any CPU.Build.0 = Debug|Any CPU
		{3AA55CDF-9B59-4AF8-9C0C-B9112B18E811}.Release|Any CPU.ActiveCfg = Release|Any CPU
		{3AA55CDF-9B59-4AF8-9C0C-B9112B18E811}.Release|Any CPU.Build.0 = Release|Any CPU
		{55AD1525-6C9F-4B3D-A48C-3271E42688A5}.Debug|Any CPU.ActiveCfg = Debug|Any CPU
		{55AD1525-6C9F-4B3D-A48C-3271E42688A5}.Debug|Any CPU.Build.0 = Debug|Any CPU
		{55AD1525-6C9F-4B3D-A48C-3271E42688A5}.Debug|Any CPU.Deploy.0 = Debug|Any CPU
		{55AD1525-6C9F-4B3D-A48C-3271E42688A5}.Release|Any CPU.ActiveCfg = Release|Any CPU
		{55AD1525-6C9F-4B3D-A48C-3271E42688A5}.Release|Any CPU.Build.0 = Release|Any CPU
		{55AD1525-6C9F-4B3D-A48C-3271E42688A5}.Release|Any CPU.Deploy.0 = Release|Any CPU
		{9E62B820-3BF5-4A82-8A94-D9F0CAC9ADB5}.Debug|Any CPU.ActiveCfg = Debug|Any CPU
		{9E62B820-3BF5-4A82-8A94-D9F0CAC9ADB5}.Debug|Any CPU.Build.0 = Debug|Any CPU
		{9E62B820-3BF5-4A82-8A94-D9F0CAC9ADB5}.Release|Any CPU.ActiveCfg = Release|Any CPU
		{9E62B820-3BF5-4A82-8A94-D9F0CAC9ADB5}.Release|Any CPU.Build.0 = Release|Any CPU
		{5F7903A6-C9F0-4749-BDC9-DD995201BE3B}.Debug|Any CPU.ActiveCfg = Debug|Any CPU
		{5F7903A6-C9F0-4749-BDC9-DD995201BE3B}.Debug|Any CPU.Build.0 = Debug|Any CPU
		{5F7903A6-C9F0-4749-BDC9-DD995201BE3B}.Release|Any CPU.ActiveCfg = Release|Any CPU
		{5F7903A6-C9F0-4749-BDC9-DD995201BE3B}.Release|Any CPU.Build.0 = Release|Any CPU
	EndGlobalSection
	GlobalSection(SolutionProperties) = preSolution
		HideSolutionNode = FALSE
	EndGlobalSection
	GlobalSection(ExtensibilityGlobals) = postSolution
		SolutionGuid = {1EC9FD05-65BC-4621-8C22-23F5765108C6}
	EndGlobalSection
EndGlobal
